
Microsoft Visual Studio Solution File, Format Version 12.00
# Visual Studio 15
VisualStudioVersion = 15.0.26430.16
MinimumVisualStudioVersion = 10.0.40219.1
Project("{FAE04EC0-301F-11D3-BF4B-00C04F79EFBC}") = "CanvasConsole", "CanvasConsole\CanvasConsole.csproj", "{DDE4B3BC-EE70-464B-985E-7CAB9F4CE7F9}"
	ProjectSection(ProjectDependencies) = postProject
		{B1395CF2-BD7B-450E-950D-6B08CB1771DA} = {B1395CF2-BD7B-450E-950D-6B08CB1771DA}
	EndProjectSection
EndProject
Project("{FAE04EC0-301F-11D3-BF4B-00C04F79EFBC}") = "TestDrawing", "TestDrawing\TestDrawing.csproj", "{B5406120-CF69-45B3-BA0D-C6F937440B1E}"
	ProjectSection(ProjectDependencies) = postProject
		{B1395CF2-BD7B-450E-950D-6B08CB1771DA} = {B1395CF2-BD7B-450E-950D-6B08CB1771DA}
	EndProjectSection
EndProject
Project("{FAE04EC0-301F-11D3-BF4B-00C04F79EFBC}") = "CanvasDrawing", "CanvasDrawing\CanvasDrawing.csproj", "{B1395CF2-BD7B-450E-950D-6B08CB1771DA}"
EndProject
Global
	GlobalSection(SolutionConfigurationPlatforms) = preSolution
		Debug|Any CPU = Debug|Any CPU
		Release|Any CPU = Release|Any CPU
	EndGlobalSection
	GlobalSection(ProjectConfigurationPlatforms) = postSolution
		{DDE4B3BC-EE70-464B-985E-7CAB9F4CE7F9}.Debug|Any CPU.ActiveCfg = Debug|Any CPU
		{DDE4B3BC-EE70-464B-985E-7CAB9F4CE7F9}.Debug|Any CPU.Build.0 = Debug|Any CPU
		{DDE4B3BC-EE70-464B-985E-7CAB9F4CE7F9}.Release|Any CPU.ActiveCfg = Release|Any CPU
		{DDE4B3BC-EE70-464B-985E-7CAB9F4CE7F9}.Release|Any CPU.Build.0 = Release|Any CPU
		{B5406120-CF69-45B3-BA0D-C6F937440B1E}.Debug|Any CPU.ActiveCfg = Debug|Any CPU
		{B5406120-CF69-45B3-BA0D-C6F937440B1E}.Debug|Any CPU.Build.0 = Debug|Any CPU
		{B5406120-CF69-45B3-BA0D-C6F937440B1E}.Release|Any CPU.ActiveCfg = Release|Any CPU
		{B5406120-CF69-45B3-BA0D-C6F937440B1E}.Release|Any CPU.Build.0 = Release|Any CPU
		{B1395CF2-BD7B-450E-950D-6B08CB1771DA}.Debug|Any CPU.ActiveCfg = Debug|Any CPU
		{B1395CF2-BD7B-450E-950D-6B08CB1771DA}.Debug|Any CPU.Build.0 = Debug|Any CPU
		{B1395CF2-BD7B-450E-950D-6B08CB1771DA}.Release|Any CPU.ActiveCfg = Release|Any CPU
		{B1395CF2-BD7B-450E-950D-6B08CB1771DA}.Release|Any CPU.Build.0 = Release|Any CPU
	EndGlobalSection
	GlobalSection(SolutionProperties) = preSolution
		HideSolutionNode = FALSE
	EndGlobalSection
EndGlobal
